
Microsoft Visual Studio Solution File, Format Version 12.00
# Visual Studio Version 17
VisualStudioVersion = 17.13.35825.156 d17.13
MinimumVisualStudioVersion = 10.0.40219.1
Project("{FAE04EC0-301F-11D3-BF4B-00C04F79EFBC}") = "Lab1 task1", "Lab1 task1\Lab1 task1.csproj", "{3427FB58-CD9C-42F7-829F-2E0439B548E8}"
EndProject
Global
	GlobalSection(SolutionConfigurationPlatforms) = preSolution
		Debug|Any CPU = Debug|Any CPU
		Release|Any CPU = Release|Any CPU
	EndGlobalSection
	GlobalSection(ProjectConfigurationPlatforms) = postSolution
		{3427FB58-CD9C-42F7-829F-2E0439B548E8}.Debug|Any CPU.ActiveCfg = Debug|Any CPU
		{3427FB58-CD9C-42F7-829F-2E0439B548E8}.Debug|Any CPU.Build.0 = Debug|Any CPU
		{3427FB58-CD9C-42F7-829F-2E0439B548E8}.Release|Any CPU.ActiveCfg = Release|Any CPU
		{3427FB58-CD9C-42F7-829F-2E0439B548E8}.Release|Any CPU.Build.0 = Release|Any CPU
	EndGlobalSection
	GlobalSection(SolutionProperties) = preSolution
		HideSolutionNode = FALSE
	EndGlobalSection
	GlobalSection(ExtensibilityGlobals) = postSolution
		SolutionGuid = {6C9F9972-39D4-4766-83E0-0012B38F0294}
	EndGlobalSection
EndGlobal
