
Microsoft Visual Studio Solution File, Format Version 12.00
# Visual Studio Version 17
VisualStudioVersion = 17.13.35825.156 d17.13
MinimumVisualStudioVersion = 10.0.40219.1
Project("{FAE04EC0-301F-11D3-BF4B-00C04F79EFBC}") = "Lab4", "Lab4\Lab4.csproj", "{D35E1807-A71D-4C9D-942A-71798B9DCF7C}"
EndProject
Global
	GlobalSection(SolutionConfigurationPlatforms) = preSolution
		Debug|Any CPU = Debug|Any CPU
		Release|Any CPU = Release|Any CPU
	EndGlobalSection
	GlobalSection(ProjectConfigurationPlatforms) = postSolution
		{D35E1807-A71D-4C9D-942A-71798B9DCF7C}.Debug|Any CPU.ActiveCfg = Debug|Any CPU
		{D35E1807-A71D-4C9D-942A-71798B9DCF7C}.Debug|Any CPU.Build.0 = Debug|Any CPU
		{D35E1807-A71D-4C9D-942A-71798B9DCF7C}.Release|Any CPU.ActiveCfg = Release|Any CPU
		{D35E1807-A71D-4C9D-942A-71798B9DCF7C}.Release|Any CPU.Build.0 = Release|Any CPU
	EndGlobalSection
	GlobalSection(SolutionProperties) = preSolution
		HideSolutionNode = FALSE
	EndGlobalSection
	GlobalSection(ExtensibilityGlobals) = postSolution
		SolutionGuid = {4FBE9D17-20A2-414D-8E45-EB2FC9FB6DC9}
	EndGlobalSection
EndGlobal
